
Microsoft Visual Studio Solution File, Format Version 12.00
# Visual Studio Version 16
VisualStudioVersion = 16.0.29201.188
MinimumVisualStudioVersion = 10.0.40219.1
Project("{FAE04EC0-301F-11D3-BF4B-00C04F79EFBC}") = "FoodPetWebApi", "FoodPetWebApi.csproj", "{CAAA1BAD-88DE-4FB4-81E7-4A647E245075}"
EndProject
Global
	GlobalSection(SolutionConfigurationPlatforms) = preSolution
		Debug|Any CPU = Debug|Any CPU
		Release|Any CPU = Release|Any CPU
	EndGlobalSection
	GlobalSection(ProjectConfigurationPlatforms) = postSolution
		{CAAA1BAD-88DE-4FB4-81E7-4A647E245075}.Debug|Any CPU.ActiveCfg = Debug|Any CPU
		{CAAA1BAD-88DE-4FB4-81E7-4A647E245075}.Debug|Any CPU.Build.0 = Debug|Any CPU
		{CAAA1BAD-88DE-4FB4-81E7-4A647E245075}.Release|Any CPU.ActiveCfg = Release|Any CPU
		{CAAA1BAD-88DE-4FB4-81E7-4A647E245075}.Release|Any CPU.Build.0 = Release|Any CPU
	EndGlobalSection
	GlobalSection(SolutionProperties) = preSolution
		HideSolutionNode = FALSE
	EndGlobalSection
	GlobalSection(ExtensibilityGlobals) = postSolution
		SolutionGuid = {25FB4C5C-7B1F-4BD8-88CE-5B76D7A457FA}
	EndGlobalSection
EndGlobal
